<?xml version="1.0" encoding="UTF-8" standalone="yes" ?>
<CodeBlocks_project_file>
	<FileVersion major="1" minor="6" />
	<Project>
		<Option title="OpenRiichi" />
		<Option makefile_is_custom="1" />
		<Option pch_mode="2" />
		<Option compiler="gcc" />
		<MakeCommands>
			<Build command="" />
			<CompileFile command="" />
			<Clean command="" />
			<DistClean command="" />
			<AskRebuildNeeded command="" />
			<SilentBuild command=" &gt; $(CMD_NULL)" />
		</MakeCommands>
		<Build>
			<Target title="windowsDebug">
				<Option output="bin/OpenRiichi" prefix_auto="1" extension_auto="1" />
				<Option working_dir="bin/" />
				<Option object_output="obj/Debug/" />
				<Option type="1" />
				<Option compiler="gcc" />
				<Compiler>
					<Add option="-g" />
				</Compiler>
			</Target>
			<Target title="windows">
				<Option output="bin/OpenRiichi" prefix_auto="1" extension_auto="1" />
				<Option working_dir="bin/" />
				<Option object_output="obj/Release/" />
				<Option type="1" />
				<Option compiler="gcc" />
				<Compiler>
					<Add option="-O2" />
				</Compiler>
				<Linker>
					<Add option="-s" />
				</Linker>
			</Target>
			<Target title="debug">
				<Option output="bin/OpenRiichi" prefix_auto="1" extension_auto="1" />
				<Option working_dir="bin/" />
				<Option type="1" />
				<Option compiler="gcc" />
			</Target>
		</Build>
		<Unit filename="../Engine/Audio/AudioPlayer.vala" />
		<Unit filename="../Engine/Engine.vala" />
		<Unit filename="../Engine/EngineLog.vala" />
		<Unit filename="../Engine/Files/FileLoader.vala" />
		<Unit filename="../Engine/Files/ObjParser.vala" />
		<Unit filename="../Engine/Helper/Calculations.vala" />
		<Unit filename="../Engine/Helper/Helper.vala" />
		<Unit filename="../Engine/Helper/ImageLoadWrap.vala" />
		<Unit filename="../Engine/Helper/ImageLoader.vala" />
		<Unit filename="../Engine/Helper/Keys.vala" />
		<Unit filename="../Engine/Helper/LabelLoader.vala" />
		<Unit filename="../Engine/Helper/Networking.vala" />
		<Unit filename="../Engine/Helper/Threading.vala" />
		<Unit filename="../Engine/Helper/Timers.vala" />
		<Unit filename="../Engine/Properties/Color.vala" />
		<Unit filename="../Engine/Properties/Mat3.vala" />
		<Unit filename="../Engine/Properties/Mat4.vala" />
		<Unit filename="../Engine/Properties/Orientation.vala" />
		<Unit filename="../Engine/Properties/Quat.vala" />
		<Unit filename="../Engine/Properties/Rectangle.vala" />
		<Unit filename="../Engine/Properties/Size2.vala" />
		<Unit filename="../Engine/Properties/Size2i.vala" />
		<Unit filename="../Engine/Properties/Vec2.vala" />
		<Unit filename="../Engine/Properties/Vec2i.vala" />
		<Unit filename="../Engine/Properties/Vec3.vala" />
		<Unit filename="../Engine/Properties/Vec4.vala" />
		<Unit filename="../Engine/Rendering/Camera.vala" />
		<Unit filename="../Engine/Rendering/IRenderTarget.vala" />
		<Unit filename="../Engine/Rendering/IResourceHandle.vala" />
		<Unit filename="../Engine/Rendering/LightSource.vala" />
		<Unit filename="../Engine/Rendering/OpenGLRenderer/OpenGLFrameBuffer.vala" />
		<Unit filename="../Engine/Rendering/OpenGLRenderer/OpenGLFunctions.vala" />
		<Unit filename="../Engine/Rendering/OpenGLRenderer/OpenGLRenderBuffer.vala" />
		<Unit filename="../Engine/Rendering/OpenGLRenderer/OpenGLRenderer.vala" />
		<Unit filename="../Engine/Rendering/OpenGLRenderer/OpenGLResourceStore.vala" />
		<Unit filename="../Engine/Rendering/OpenGLRenderer/OpenGLShader.vala" />
		<Unit filename="../Engine/Rendering/OpenGLRenderer/OpenGLShaderProgram2D.vala" />
		<Unit filename="../Engine/Rendering/OpenGLRenderer/OpenGLShaderProgram3D.vala" />
		<Unit filename="../Engine/Rendering/RenderGeometry3D.vala" />
		<Unit filename="../Engine/Rendering/RenderMaterial.vala" />
		<Unit filename="../Engine/Rendering/RenderObject2D.vala" />
		<Unit filename="../Engine/Rendering/RenderObject3D.vala" />
		<Unit filename="../Engine/Rendering/RenderScene2D.vala" />
		<Unit filename="../Engine/Rendering/RenderScene3D.vala" />
		<Unit filename="../Engine/Rendering/RenderState.vala" />
		<Unit filename="../Engine/Rendering/RenderTarget.vala" />
		<Unit filename="../Engine/Rendering/ResourceStore.vala" />
		<Unit filename="../Engine/Window/Container.vala" />
		<Unit filename="../Engine/Window/Control.vala" />
		<Unit filename="../Engine/Window/Controls/ImageControl.vala" />
		<Unit filename="../Engine/Window/Controls/LabelControl.vala" />
		<Unit filename="../Engine/Window/Controls/LineControl.vala" />
		<Unit filename="../Engine/Window/Controls/ListControl.vala" />
		<Unit filename="../Engine/Window/Controls/MenuButton.vala" />
		<Unit filename="../Engine/Window/Controls/MenuTextButton.vala" />
		<Unit filename="../Engine/Window/Controls/RectangleControl.vala" />
		<Unit filename="../Engine/Window/Controls/ScrollBarControl.vala" />
		<Unit filename="../Engine/Window/Controls/SizingControl.vala" />
		<Unit filename="../Engine/Window/Controls/TextInputControl.vala" />
		<Unit filename="../Engine/Window/IWindowTarget.vala" />
		<Unit filename="../Engine/Window/MainView.vala" />
		<Unit filename="../Engine/Window/RenderWindow.vala" />
		<Unit filename="../Engine/Window/SDLWindowTarget.vala" />
		<Unit filename="../Engine/Window/View2D.vala" />
		<Unit filename="../Engine/Window/View3D.vala" />
		<Unit filename="Makefile" />
		<Unit filename="source/Environment.vala" />
		<Unit filename="source/Game/GameController.vala" />
		<Unit filename="source/Game/Logic/AnimationTimings.vala" />
		<Unit filename="source/Game/Logic/ClientMessage.vala" />
		<Unit filename="source/Game/Logic/ClientRoundState.vala" />
		<Unit filename="source/Game/Logic/GameLog.vala" />
		<Unit filename="source/Game/Logic/GamePlayer.vala" />
		<Unit filename="source/Game/Logic/GameStartInfo.vala" />
		<Unit filename="source/Game/Logic/GameState.vala" />
		<Unit filename="source/Game/Logic/IGameConnection.vala" />
		<Unit filename="source/Game/Logic/LobbyMessages.vala" />
		<Unit filename="source/Game/Logic/Random.vala" />
		<Unit filename="source/Game/Logic/RoundLog.vala" />
		<Unit filename="source/Game/Logic/RoundState.vala" />
		<Unit filename="source/Game/Logic/ServerMessage.vala" />
		<Unit filename="source/Game/Logic/Tile.vala" />
		<Unit filename="source/Game/Logic/TileRules.vala" />
		<Unit filename="source/Game/Logic/TimeStamp.vala" />
		<Unit filename="source/Game/Logic/VersionInfo.vala" />
		<Unit filename="source/Game/MusicPlayer.vala" />
		<Unit filename="source/Game/Options.vala" />
		<Unit filename="source/Game/Rendering/GameRenderView.vala" />
		<Unit filename="source/Game/Rendering/IGameRenderer.vala" />
		<Unit filename="source/Game/Rendering/Menu/GameEscapeMenuView.vala" />
		<Unit filename="source/Game/Rendering/Menu/GameMenuButton.vala" />
		<Unit filename="source/Game/Rendering/Menu/GameMenuView.vala" />
		<Unit filename="source/Game/Rendering/Menu/ScoringDoraView.vala" />
		<Unit filename="source/Game/Rendering/Menu/ScoringHandView.vala" />
		<Unit filename="source/Game/Rendering/Menu/ScoringInnerView.vala" />
		<Unit filename="source/Game/Rendering/Menu/ScoringPlayerElement.vala" />
		<Unit filename="source/Game/Rendering/Menu/ScoringPointsView.vala" />
		<Unit filename="source/Game/Rendering/Menu/ScoringStickView.vala" />
		<Unit filename="source/Game/Rendering/Menu/ScoringView.vala" />
		<Unit filename="source/Game/Rendering/RenderAction.vala" />
		<Unit filename="source/Game/Rendering/RenderPlayer.vala" />
		<Unit filename="source/Game/Rendering/RenderSceneManager.vala" />
		<Unit filename="source/Game/Rendering/RenderTable.vala" />
		<Unit filename="source/Game/Rendering/RenderTile.vala" />
		<Unit filename="source/Game/Rendering/RenderWall.vala" />
		<Unit filename="source/Game/ServerSettings.vala" />
		<Unit filename="source/GameServer/Bots/Bot.vala" />
		<Unit filename="source/GameServer/Bots/BotConnection.vala" />
		<Unit filename="source/GameServer/Bots/NullBot.vala" />
		<Unit filename="source/GameServer/Bots/SimpleBot.vala" />
		<Unit filename="source/GameServer/GameState/ServerRoundState.vala" />
		<Unit filename="source/GameServer/GameState/ServerRoundStatePlayer.vala" />
		<Unit filename="source/GameServer/GameState/ServerRoundStateValidator.vala" />
		<Unit filename="source/GameServer/Server/LogGameController.vala" />
		<Unit filename="source/GameServer/Server/Server.vala" />
		<Unit filename="source/GameServer/Server/ServerController.vala" />
		<Unit filename="source/GameServer/Server/ServerGameRound.vala" />
		<Unit filename="source/GameServer/Server/ServerGameRoundInfoSource.vala" />
		<Unit filename="source/GameServer/Server/ServerMenu.vala" />
		<Unit filename="source/GameServer/Server/ServerNetworking.vala" />
		<Unit filename="source/GameServer/Server/ServerPlayer.vala" />
		<Unit filename="source/MainMenu/CreateServerView.vala" />
		<Unit filename="source/MainMenu/InformationMenuView.vala" />
		<Unit filename="source/MainMenu/JoinMenuView.vala" />
		<Unit filename="source/MainMenu/Lobby/LobbyConnection.vala" />
		<Unit filename="source/MainMenu/Lobby/LobbyConnectionView.vala" />
		<Unit filename="source/MainMenu/Lobby/LobbyGameListControl.vala" />
		<Unit filename="source/MainMenu/Lobby/LobbyInformationListControl.vala" />
		<Unit filename="source/MainMenu/Lobby/LobbyUserListControl.vala" />
		<Unit filename="source/MainMenu/Lobby/LobbyView.vala" />
		<Unit filename="source/MainMenu/MainMenuBackgroundView.vala" />
		<Unit filename="source/MainMenu/MainMenuView.vala" />
		<Unit filename="source/MainMenu/MenuSubView.vala" />
		<Unit filename="source/MainMenu/MultiplayerMenuView.vala" />
		<Unit filename="source/MainMenu/OptionItemControl.vala" />
		<Unit filename="source/MainMenu/OptionsMenuView.vala" />
		<Unit filename="source/MainMenu/SelectGameLogMenuView.vala" />
		<Unit filename="source/MainMenu/ServerMenuView.vala" />
		<Unit filename="source/MainMenu/ServerPlayerFieldView.vala" />
		<Unit filename="source/MainMenu/ServerSettingsView.vala" />
		<Unit filename="source/MainMenu/SingleplayerMenuView.vala" />
		<Unit filename="source/MainWindow.vala" />
		<Unit filename="source/main.vala" />
		<Extensions>
			<code_completion />
			<envvars />
			<debugger />
		</Extensions>
	</Project>
</CodeBlocks_project_file>
