<?xml version="1.0" encoding="UTF-8" standalone="yes" ?>
<CodeBlocks_project_file>
	<FileVersion major="1" minor="6" />
	<Project>
		<Option title="RiichiMahjong" />
		<Option makefile_is_custom="1" />
		<Option pch_mode="2" />
		<Option compiler="vala_compiler" />
		<Build>
			<Target title="Debug">
				<Option output="bin/RiichiMahjong" prefix_auto="1" extension_auto="1" />
				<Option working_dir="bin/" />
				<Option object_output="obj/Debug/" />
				<Option type="1" />
				<Option compiler="vala_compiler" />
				<Compiler>
					<Add option="-g" />
				</Compiler>
			</Target>
			<Target title="Release">
				<Option output="bin/RiichiMahjong" prefix_auto="1" extension_auto="1" />
				<Option working_dir="bin/" />
				<Option object_output="obj/Release/" />
				<Option type="1" />
				<Option compiler="vala_compiler" />
				<Compiler>
					<Add option="-O2" />
				</Compiler>
				<Linker>
					<Add option="-s" />
				</Linker>
			</Target>
			<Target title="Linux">
				<Option output="bin/RiichiMahjong" prefix_auto="1" extension_auto="1" />
				<Option working_dir="bin/" />
				<Option type="1" />
				<Option compiler="vala_compiler" />
			</Target>
		</Build>
		<Compiler>
			<Add option="-Wall" />
			<Add directory="C:/vala-0.12.0/lib/gtk-2.0/include" />
		</Compiler>
		<Unit filename="Makefile" />
		<Unit filename="Notes.txt">
			<Option target="Debug" />
			<Option target="Release" />
		</Unit>
		<Unit filename="source/Game/Action.vala" />
		<Unit filename="source/Game/Board.vala" />
		<Unit filename="source/Game/Bot/Bot.vala" />
		<Unit filename="source/Game/Calls.vala" />
		<Unit filename="source/Game/Game.vala" />
		<Unit filename="source/Game/Interface/Button.vala" />
		<Unit filename="source/Game/Interface/GameInterface.vala" />
		<Unit filename="source/Game/Logic.vala" />
		<Unit filename="source/Game/Mahjong.vala" />
		<Unit filename="source/Game/Networking/CallActionMessage.vala" />
		<Unit filename="source/Game/Networking/GameMessage.vala" />
		<Unit filename="source/Game/Networking/GameNetworking.vala" />
		<Unit filename="source/Game/Networking/GameStartMessage.vala" />
		<Unit filename="source/Game/Networking/HostMessage.vala" />
		<Unit filename="source/Game/Networking/InitiateMessage.vala" />
		<Unit filename="source/Game/Networking/PlayerConnectedMessage.vala" />
		<Unit filename="source/Game/Networking/PlayerMessage.vala" />
		<Unit filename="source/Game/Networking/TurnActionMessage.vala" />
		<Unit filename="source/Game/Player/ComputerPlayer.vala" />
		<Unit filename="source/Game/Player/GamePlayer.vala" />
		<Unit filename="source/Game/Player/NetworkPlayer.vala" />
		<Unit filename="source/Game/Player/Player.vala" />
		<Unit filename="source/Game/Stick.vala" />
		<Unit filename="source/Game/Tile.vala" />
		<Unit filename="source/Game/Yaku.vala" />
		<Unit filename="source/Helper/Environment.vala" />
		<Unit filename="source/Helper/Helper.vala" />
		<Unit filename="source/Helper/Networking.vala" />
		<Unit filename="source/Helper/Sound.vala" />
		<Unit filename="source/Helper/Texture.vala" />
		<Unit filename="source/Helper/Threading.vala" />
		<Unit filename="source/Helper/Vector.vala" />
		<Unit filename="source/MainWindow.vala" />
		<Unit filename="source/Menu/MainMenu.vala" />
		<Unit filename="source/Menu/MainMenuBackground.vala" />
		<Unit filename="source/Server/GameStateBoardTiles.vala" />
		<Unit filename="source/Server/GameStateCallDecision.vala" />
		<Unit filename="source/Server/GameStateGame.vala" />
		<Unit filename="source/Server/GameStatePlayer.vala" />
		<Unit filename="source/Server/GameStatePlayers.vala" />
		<Unit filename="source/Server/GameStateTile.vala" />
		<Unit filename="source/Server/GameStateTurnDecision.vala" />
		<Unit filename="source/Server/Server.vala" />
		<Unit filename="source/Server/ServerController.vala" />
		<Unit filename="source/Server/ServerNetworking.vala" />
		<Unit filename="source/Server/ServerPlayer.vala" />
		<Unit filename="source/main.vala" />
		<Extensions>
			<code_completion />
			<envvars />
			<debugger />
		</Extensions>
	</Project>
</CodeBlocks_project_file>
