<?xml version="1.0" encoding="UTF-8" standalone="yes" ?>
<CodeBlocks_project_file>
	<FileVersion major="1" minor="6" />
	<Project>
		<Option title="RiichiMahjong" />
		<Option makefile_is_custom="1" />
		<Option pch_mode="2" />
		<Option compiler="gcc" />
		<Build>
			<Target title="Debug">
				<Option output="bin/RiichiMahjong" prefix_auto="1" extension_auto="1" />
				<Option working_dir="bin/" />
				<Option object_output="obj/Debug/" />
				<Option type="1" />
				<Option compiler="gcc" />
				<Compiler>
					<Add option="-g" />
				</Compiler>
			</Target>
			<Target title="Release">
				<Option output="bin/RiichiMahjong" prefix_auto="1" extension_auto="1" />
				<Option working_dir="bin/" />
				<Option object_output="obj/Release/" />
				<Option type="1" />
				<Option compiler="gcc" />
				<Compiler>
					<Add option="-O2" />
				</Compiler>
				<Linker>
					<Add option="-s" />
				</Linker>
			</Target>
			<Target title="Linux">
				<Option output="bin/RiichiMahjong" prefix_auto="1" extension_auto="1" />
				<Option working_dir="bin/" />
				<Option type="1" />
				<Option compiler="gcc" />
			</Target>
		</Build>
		<Compiler>
			<Add option="-Wall" />
			<Add directory="C:/vala-0.12.0/lib/gtk-2.0/include" />
		</Compiler>
		<Unit filename="Board.vala">
			<Option target="Debug" />
			<Option target="Release" />
		</Unit>
		<Unit filename="Button.vala">
			<Option target="Debug" />
			<Option target="Release" />
		</Unit>
		<Unit filename="Calls.vala">
			<Option target="Debug" />
			<Option target="Release" />
		</Unit>
		<Unit filename="Environment.vala">
			<Option target="Debug" />
			<Option target="Release" />
		</Unit>
		<Unit filename="Game.vala">
			<Option target="Debug" />
			<Option target="Release" />
		</Unit>
		<Unit filename="GameInterface.vala">
			<Option target="Debug" />
			<Option target="Release" />
		</Unit>
		<Unit filename="Logic.vala">
			<Option target="Debug" />
			<Option target="Release" />
		</Unit>
		<Unit filename="Mahjong.vala">
			<Option target="Debug" />
			<Option target="Release" />
		</Unit>
		<Unit filename="Makefile">
			<Option target="Debug" />
			<Option target="Release" />
		</Unit>
		<Unit filename="Notes.txt">
			<Option target="Debug" />
			<Option target="Release" />
		</Unit>
		<Unit filename="Player.vala">
			<Option target="Debug" />
			<Option target="Release" />
		</Unit>
		<Unit filename="Sound.vala">
			<Option target="Debug" />
			<Option target="Release" />
		</Unit>
		<Unit filename="Stick.vala">
			<Option target="Debug" />
			<Option target="Release" />
		</Unit>
		<Unit filename="Texture.vala">
			<Option target="Debug" />
			<Option target="Release" />
		</Unit>
		<Unit filename="Tile.vala">
			<Option target="Debug" />
			<Option target="Release" />
		</Unit>
		<Unit filename="Vector.vala">
			<Option target="Debug" />
			<Option target="Release" />
		</Unit>
		<Unit filename="bot/Action.vala">
			<Option target="Debug" />
			<Option target="Release" />
		</Unit>
		<Unit filename="bot/Bot.vala">
			<Option target="Debug" />
			<Option target="Release" />
		</Unit>
		<Unit filename="main.vala">
			<Option compile="1" />
			<Option target="Debug" />
			<Option target="Release" />
		</Unit>
		<Extensions>
			<code_completion />
			<envvars />
			<debugger />
		</Extensions>
	</Project>
</CodeBlocks_project_file>
