<?xml version="1.0" encoding="UTF-8" standalone="yes" ?>
<CodeBlocks_project_file>
	<FileVersion major="1" minor="6" />
	<Project>
		<Option title="RiichiMahjong" />
		<Option makefile_is_custom="1" />
		<Option pch_mode="2" />
		<Option compiler="vala_compiler" />
		<Build>
			<Target title="WindowsDebug">
				<Option output="bin/RiichiMahjong" prefix_auto="1" extension_auto="1" />
				<Option working_dir="bin/" />
				<Option object_output="obj/Debug/" />
				<Option type="1" />
				<Option compiler="vala_compiler" />
				<Compiler>
					<Add option="-g" />
				</Compiler>
			</Target>
			<Target title="WindowsRelease">
				<Option output="bin/RiichiMahjong" prefix_auto="1" extension_auto="1" />
				<Option working_dir="bin/" />
				<Option object_output="obj/Release/" />
				<Option type="1" />
				<Option compiler="vala_compiler" />
				<Compiler>
					<Add option="-O2" />
				</Compiler>
				<Linker>
					<Add option="-s" />
				</Linker>
			</Target>
			<Target title="Linux">
				<Option output="bin/RiichiMahjong" prefix_auto="1" extension_auto="1" />
				<Option working_dir="bin/" />
				<Option type="1" />
				<Option compiler="vala_compiler" />
			</Target>
		</Build>
		<Compiler>
			<Add option="-Wall" />
			<Add directory="C:/vala-0.12.0/lib/gtk-2.0/include" />
		</Compiler>
		<Unit filename="Makefile" />
		<Unit filename="source/Engine/Controls/Container.vala" />
		<Unit filename="source/Engine/Controls/Control.vala" />
		<Unit filename="source/Engine/Controls/IWindowTarget.vala" />
		<Unit filename="source/Engine/Controls/MainView.vala" />
		<Unit filename="source/Engine/Controls/RenderWindow.vala" />
		<Unit filename="source/Engine/Controls/SDLWindowTarget.vala" />
		<Unit filename="source/Engine/Controls/View2D.vala" />
		<Unit filename="source/Engine/Controls/View3D.vala" />
		<Unit filename="source/Engine/Files/FileLoader.vala" />
		<Unit filename="source/Engine/Files/ObjParser.vala" />
		<Unit filename="source/Engine/Helper/Calculations.vala" />
		<Unit filename="source/Engine/Helper/Keys.vala" />
		<Unit filename="source/Engine/Helper/LabelLoader.vala" />
		<Unit filename="source/Engine/Helper/Networking.vala" />
		<Unit filename="source/Engine/Helper/SoilWrap.vala" />
		<Unit filename="source/Engine/Helper/Threading.vala" />
		<Unit filename="source/Engine/Properties/Color.vala" />
		<Unit filename="source/Engine/Properties/Mat3.vala" />
		<Unit filename="source/Engine/Properties/Mat4.vala" />
		<Unit filename="source/Engine/Properties/Rectangle.vala" />
		<Unit filename="source/Engine/Properties/Size2.vala" />
		<Unit filename="source/Engine/Properties/Size2i.vala" />
		<Unit filename="source/Engine/Properties/Vec2.vala" />
		<Unit filename="source/Engine/Properties/Vec2i.vala" />
		<Unit filename="source/Engine/Properties/Vec3.vala" />
		<Unit filename="source/Engine/Properties/Vec4.vala" />
		<Unit filename="source/Engine/Rendering/Camera.vala" />
		<Unit filename="source/Engine/Rendering/IRenderTarget.vala" />
		<Unit filename="source/Engine/Rendering/IResourceHandle.vala" />
		<Unit filename="source/Engine/Rendering/IResourceStore.vala" />
		<Unit filename="source/Engine/Rendering/LightSource.vala" />
		<Unit filename="source/Engine/Rendering/OpenGLRenderer/OpenGLFrameBuffer.vala" />
		<Unit filename="source/Engine/Rendering/OpenGLRenderer/OpenGLRenderBuffer.vala" />
		<Unit filename="source/Engine/Rendering/OpenGLRenderer/OpenGLRenderer.vala" />
		<Unit filename="source/Engine/Rendering/OpenGLRenderer/OpenGLResourceStore.vala" />
		<Unit filename="source/Engine/Rendering/OpenGLRenderer/OpenGLShader.vala" />
		<Unit filename="source/Engine/Rendering/OpenGLRenderer/OpenGLShaderProgram2D.vala" />
		<Unit filename="source/Engine/Rendering/OpenGLRenderer/OpenGLShaderProgram3D.vala" />
		<Unit filename="source/Engine/Rendering/RenderObject2D.vala" />
		<Unit filename="source/Engine/Rendering/RenderObject3D.vala" />
		<Unit filename="source/Engine/Rendering/RenderScene2D.vala" />
		<Unit filename="source/Engine/Rendering/RenderScene3D.vala" />
		<Unit filename="source/Engine/Rendering/RenderState.vala" />
		<Unit filename="source/Engine/Rendering/RenderTarget.vala" />
		<Unit filename="source/Environment.vala" />
		<Unit filename="source/GameServer/Bots/Bot.vala" />
		<Unit filename="source/GameServer/Bots/BotConnection.vala" />
		<Unit filename="source/GameServer/Bots/NullBot.vala" />
		<Unit filename="source/GameServer/GameState/ServerRoundState.vala" />
		<Unit filename="source/GameServer/GameState/ServerRoundStatePlayer.vala" />
		<Unit filename="source/GameServer/GameState/ServerRoundStateValidator.vala" />
		<Unit filename="source/GameServer/Server/Server.vala" />
		<Unit filename="source/GameServer/Server/ServerController.vala" />
		<Unit filename="source/GameServer/Server/ServerGameRound.vala" />
		<Unit filename="source/GameServer/Server/ServerMenu.vala" />
		<Unit filename="source/GameServer/Server/ServerNetworking.vala" />
		<Unit filename="source/GameServer/Server/ServerPlayer.vala" />
		<Unit filename="source/Game/GameController.vala" />
		<Unit filename="source/Game/Logic/ClientMessage.vala" />
		<Unit filename="source/Game/Logic/ClientRoundState.vala" />
		<Unit filename="source/Game/Logic/DelayTimer.vala" />
		<Unit filename="source/Game/Logic/GamePlayer.vala" />
		<Unit filename="source/Game/Logic/GameStartInfo.vala" />
		<Unit filename="source/Game/Logic/GameState.vala" />
		<Unit filename="source/Game/Logic/IGameConnection.vala" />
		<Unit filename="source/Game/Logic/RoundState.vala" />
		<Unit filename="source/Game/Logic/ServerMessage.vala" />
		<Unit filename="source/Game/Logic/Tile.vala" />
		<Unit filename="source/Game/Logic/TileRules.vala" />
		<Unit filename="source/Game/Options.vala" />
		<Unit filename="source/Game/Rendering/GameRenderView.vala" />
		<Unit filename="source/Game/Rendering/IGameRenderer.vala" />
		<Unit filename="source/Game/Rendering/Menu/GameMenuButton.vala" />
		<Unit filename="source/Game/Rendering/Menu/GameMenuView.vala" />
		<Unit filename="source/Game/Rendering/Menu/ImageControl.vala" />
		<Unit filename="source/Game/Rendering/Menu/LabelControl.vala" />
		<Unit filename="source/Game/Rendering/Menu/MenuTextButton.vala" />
		<Unit filename="source/Game/Rendering/Menu/RectangleControl.vala" />
		<Unit filename="source/Game/Rendering/Menu/ScoringHandView.vala" />
		<Unit filename="source/Game/Rendering/Menu/ScoringPlayerElement.vala" />
		<Unit filename="source/Game/Rendering/Menu/ScoringPointsView.vala" />
		<Unit filename="source/Game/Rendering/Menu/ScoringView.vala" />
		<Unit filename="source/Game/Rendering/Menu/TextInputView.vala" />
		<Unit filename="source/Game/Rendering/RenderAction.vala" />
		<Unit filename="source/Game/Rendering/RenderPlayer.vala" />
		<Unit filename="source/Game/Rendering/RenderSceneManager.vala" />
		<Unit filename="source/Game/Rendering/RenderTable.vala" />
		<Unit filename="source/Game/Rendering/RenderTile.vala" />
		<Unit filename="source/Game/Rendering/RenderWall.vala" />
		<Unit filename="source/MainMenu/JoinMenuView.vala" />
		<Unit filename="source/MainMenu/MainMenuBackgroundView.vala" />
		<Unit filename="source/MainMenu/MainMenuView.vala" />
		<Unit filename="source/MainMenu/OptionItemControl.vala" />
		<Unit filename="source/MainMenu/OptionsMenuView.vala" />
		<Unit filename="source/MainMenu/ServerMenuView.vala" />
		<Unit filename="source/MainMenu/ServerOptionsView.vala" />
		<Unit filename="source/MainMenu/ServerPlayerFieldView.vala" />
		<Unit filename="source/MainWindow.vala" />
		<Unit filename="source/main.vala" />
		<Extensions>
			<code_completion />
			<envvars />
			<debugger />
		</Extensions>
	</Project>
</CodeBlocks_project_file>
